
Microsoft Visual Studio Solution File, Format Version 12.00
# Visual Studio 15
VisualStudioVersion = 15.0.28307.271
MinimumVisualStudioVersion = 10.0.40219.1
Project("{FAE04EC0-301F-11D3-BF4B-00C04F79EFBC}") = "Json4Get.net", "Json4Get.net\Json4Get.net.csproj", "{A2A2BABF-16BB-4D29-908C-1BE98F9617DE}"
EndProject
Project("{FAE04EC0-301F-11D3-BF4B-00C04F79EFBC}") = "Json4Get.Tests", "Json4Get Tests\Json4Get.Tests.csproj", "{1C3DFDBA-7157-4F14-A917-D4EA1BC9F3B7}"
EndProject
Global
	GlobalSection(SolutionConfigurationPlatforms) = preSolution
		Debug|Any CPU = Debug|Any CPU
		Release|Any CPU = Release|Any CPU
	EndGlobalSection
	GlobalSection(ProjectConfigurationPlatforms) = postSolution
		{A2A2BABF-16BB-4D29-908C-1BE98F9617DE}.Debug|Any CPU.ActiveCfg = Debug|Any CPU
		{A2A2BABF-16BB-4D29-908C-1BE98F9617DE}.Debug|Any CPU.Build.0 = Debug|Any CPU
		{A2A2BABF-16BB-4D29-908C-1BE98F9617DE}.Release|Any CPU.ActiveCfg = Release|Any CPU
		{A2A2BABF-16BB-4D29-908C-1BE98F9617DE}.Release|Any CPU.Build.0 = Release|Any CPU
		{1C3DFDBA-7157-4F14-A917-D4EA1BC9F3B7}.Debug|Any CPU.ActiveCfg = Debug|Any CPU
		{1C3DFDBA-7157-4F14-A917-D4EA1BC9F3B7}.Debug|Any CPU.Build.0 = Debug|Any CPU
		{1C3DFDBA-7157-4F14-A917-D4EA1BC9F3B7}.Release|Any CPU.ActiveCfg = Release|Any CPU
		{1C3DFDBA-7157-4F14-A917-D4EA1BC9F3B7}.Release|Any CPU.Build.0 = Release|Any CPU
	EndGlobalSection
	GlobalSection(SolutionProperties) = preSolution
		HideSolutionNode = FALSE
	EndGlobalSection
	GlobalSection(ExtensibilityGlobals) = postSolution
		SolutionGuid = {02D79170-AEC2-49A4-95BB-706769C89C5D}
	EndGlobalSection
EndGlobal
